// !$*UTF8*$!
{
	archiveVersion = 1;
	classes = {
	};
	objectVersion = 46;
	objects = {

/* Begin PBXBuildFile section */
		2DC41D1B1DD793DC0004697E /* AppDelegate.swift in Sources */ = {isa = PBXBuildFile; fileRef = 2DC41D1A1DD793DC0004697E /* AppDelegate.swift */; };
		2DC41D1D1DD793DC0004697E /* ViewController.swift in Sources */ = {isa = PBXBuildFile; fileRef = 2DC41D1C1DD793DC0004697E /* ViewController.swift */; };
		2DC41D201DD793DC0004697E /* Main.storyboard in Resources */ = {isa = PBXBuildFile; fileRef = 2DC41D1E1DD793DC0004697E /* Main.storyboard */; };
		2DC41D231DD793DC0004697E /* Friendsurfing.xcdatamodeld in Sources */ = {isa = PBXBuildFile; fileRef = 2DC41D211DD793DC0004697E /* Friendsurfing.xcdatamodeld */; };
		2DC41D251DD793DC0004697E /* Assets.xcassets in Resources */ = {isa = PBXBuildFile; fileRef = 2DC41D241DD793DC0004697E /* Assets.xcassets */; };
		2DC41D281DD793DC0004697E /* LaunchScreen.storyboard in Resources */ = {isa = PBXBuildFile; fileRef = 2DC41D261DD793DC0004697E /* LaunchScreen.storyboard */; };
		2DC41D331DD793DC0004697E /* FriendsurfingTests.swift in Sources */ = {isa = PBXBuildFile; fileRef = 2DC41D321DD793DC0004697E /* FriendsurfingTests.swift */; };
		2DC41D3E1DD793DD0004697E /* FriendsurfingUITests.swift in Sources */ = {isa = PBXBuildFile; fileRef = 2DC41D3D1DD793DD0004697E /* FriendsurfingUITests.swift */; };
/* End PBXBuildFile section */

/* Begin PBXContainerItemProxy section */
		2DC41D2F1DD793DC0004697E /* PBXContainerItemProxy */ = {
			isa = PBXContainerItemProxy;
			containerPortal = 2DC41D0F1DD793DC0004697E /* Project object */;
			proxyType = 1;
			remoteGlobalIDString = 2DC41D161DD793DC0004697E;
			remoteInfo = Friendsurfing;
		};
		2DC41D3A1DD793DD0004697E /* PBXContainerItemProxy */ = {
			isa = PBXContainerItemProxy;
			containerPortal = 2DC41D0F1DD793DC0004697E /* Project object */;
			proxyType = 1;
			remoteGlobalIDString = 2DC41D161DD793DC0004697E;
			remoteInfo = Friendsurfing;
		};
/* End PBXContainerItemProxy section */

/* Begin PBXFileReference section */
		2DC41D171DD793DC0004697E /* Friendsurfing.app */ = {isa = PBXFileReference; explicitFileType = wrapper.application; includeInIndex = 0; path = Friendsurfing.app; sourceTree = BUILT_PRODUCTS_DIR; };
		2DC41D1A1DD793DC0004697E /* AppDelegate.swift */ = {isa = PBXFileReference; lastKnownFileType = sourcecode.swift; path = AppDelegate.swift; sourceTree = "<group>"; };
		2DC41D1C1DD793DC0004697E /* ViewController.swift */ = {isa = PBXFileReference; lastKnownFileType = sourcecode.swift; path = ViewController.swift; sourceTree = "<group>"; };
		2DC41D1F1DD793DC0004697E /* Base */ = {isa = PBXFileReference; lastKnownFileType = file.storyboard; name = Base; path = Base.lproj/Main.storyboard; sourceTree = "<group>"; };
		2DC41D221DD793DC0004697E /* Friendsurfing.xcdatamodel */ = {isa = PBXFileReference; lastKnownFileType = wrapper.xcdatamodel; path = Friendsurfing.xcdatamodel; sourceTree = "<group>"; };
		2DC41D241DD793DC0004697E /* Assets.xcassets */ = {isa = PBXFileReference; lastKnownFileType = folder.assetcatalog; path = Assets.xcassets; sourceTree = "<group>"; };
		2DC41D271DD793DC0004697E /* Base */ = {isa = PBXFileReference; lastKnownFileType = file.storyboard; name = Base; path = Base.lproj/LaunchScreen.storyboard; sourceTree = "<group>"; };
		2DC41D291DD793DC0004697E /* Info.plist */ = {isa = PBXFileReference; lastKnownFileType = text.plist.xml; path = Info.plist; sourceTree = "<group>"; };
		2DC41D2E1DD793DC0004697E /* FriendsurfingTests.xctest */ = {isa = PBXFileReference; explicitFileType = wrapper.cfbundle; includeInIndex = 0; path = FriendsurfingTests.xctest; sourceTree = BUILT_PRODUCTS_DIR; };
		2DC41D321DD793DC0004697E /* FriendsurfingTests.swift */ = {isa = PBXFileReference; lastKnownFileType = sourcecode.swift; path = FriendsurfingTests.swift; sourceTree = "<group>"; };
		2DC41D341DD793DD0004697E /* Info.plist */ = {isa = PBXFileReference; lastKnownFileType = text.plist.xml; path = Info.plist; sourceTree = "<group>"; };
		2DC41D391DD793DD0004697E /* FriendsurfingUITests.xctest */ = {isa = PBXFileReference; explicitFileType = wrapper.cfbundle; includeInIndex = 0; path = FriendsurfingUITests.xctest; sourceTree = BUILT_PRODUCTS_DIR; };
		2DC41D3D1DD793DD0004697E /* FriendsurfingUITests.swift */ = {isa = PBXFileReference; lastKnownFileType = sourcecode.swift; path = FriendsurfingUITests.swift; sourceTree = "<group>"; };
		2DC41D3F1DD793DD0004697E /* Info.plist */ = {isa = PBXFileReference; lastKnownFileType = text.plist.xml; path = Info.plist; sourceTree = "<group>"; };
/* End PBXFileReference section */

/* Begin PBXFrameworksBuildPhase section */
		2DC41D141DD793DC0004697E /* Frameworks */ = {
			isa = PBXFrameworksBuildPhase;
			buildActionMask = 2147483647;
			files = (
			);
			runOnlyForDeploymentPostprocessing = 0;
		};
		2DC41D2B1DD793DC0004697E /* Frameworks */ = {
			isa = PBXFrameworksBuildPhase;
			buildActionMask = 2147483647;
			files = (
			);
			runOnlyForDeploymentPostprocessing = 0;
		};
		2DC41D361DD793DD0004697E /* Frameworks */ = {
			isa = PBXFrameworksBuildPhase;
			buildActionMask = 2147483647;
			files = (
			);
			runOnlyForDeploymentPostprocessing = 0;
		};
/* End PBXFrameworksBuildPhase section */

/* Begin PBXGroup section */
		2DC41D0E1DD793DC0004697E = {
			isa = PBXGroup;
			children = (
				2DC41D191DD793DC0004697E /* Friendsurfing */,
				2DC41D311DD793DC0004697E /* FriendsurfingTests */,
				2DC41D3C1DD793DD0004697E /* FriendsurfingUITests */,
				2DC41D181DD793DC0004697E /* Products */,
			);
			sourceTree = "<group>";
		};
		2DC41D181DD793DC0004697E /* Products */ = {
			isa = PBXGroup;
			children = (
				2DC41D171DD793DC0004697E /* Friendsurfing.app */,
				2DC41D2E1DD793DC0004697E /* FriendsurfingTests.xctest */,
				2DC41D391DD793DD0004697E /* FriendsurfingUITests.xctest */,
			);
			name = Products;
			sourceTree = "<group>";
		};
		2DC41D191DD793DC0004697E /* Friendsurfing */ = {
			isa = PBXGroup;
			children = (
				2DC41D1A1DD793DC0004697E /* AppDelegate.swift */,
				2DC41D1C1DD793DC0004697E /* ViewController.swift */,
				2DC41D1E1DD793DC0004697E /* Main.storyboard */,
				2DC41D241DD793DC0004697E /* Assets.xcassets */,
				2DC41D261DD793DC0004697E /* LaunchScreen.storyboard */,
				2DC41D291DD793DC0004697E /* Info.plist */,
				2DC41D211DD793DC0004697E /* Friendsurfing.xcdatamodeld */,
			);
			path = Friendsurfing;
			sourceTree = "<group>";
		};
		2DC41D311DD793DC0004697E /* FriendsurfingTests */ = {
			isa = PBXGroup;
			children = (
				2DC41D321DD793DC0004697E /* FriendsurfingTests.swift */,
				2DC41D341DD793DD0004697E /* Info.plist */,
			);
			path = FriendsurfingTests;
			sourceTree = "<group>";
		};
		2DC41D3C1DD793DD0004697E /* FriendsurfingUITests */ = {
			isa = PBXGroup;
			children = (
				2DC41D3D1DD793DD0004697E /* FriendsurfingUITests.swift */,
				2DC41D3F1DD793DD0004697E /* Info.plist */,
			);
			path = FriendsurfingUITests;
			sourceTree = "<group>";
		};
/* End PBXGroup section */

/* Begin PBXNativeTarget section */
		2DC41D161DD793DC0004697E /* Friendsurfing */ = {
			isa = PBXNativeTarget;
			buildConfigurationList = 2DC41D421DD793DD0004697E /* Build configuration list for PBXNativeTarget "Friendsurfing" */;
			buildPhases = (
				2DC41D131DD793DC0004697E /* Sources */,
				2DC41D141DD793DC0004697E /* Frameworks */,
				2DC41D151DD793DC0004697E /* Resources */,
			);
			buildRules = (
			);
			dependencies = (
			);
			name = Friendsurfing;
			productName = Friendsurfing;
			productReference = 2DC41D171DD793DC0004697E /* Friendsurfing.app */;
			productType = "com.apple.product-type.application";
		};
		2DC41D2D1DD793DC0004697E /* FriendsurfingTests */ = {
			isa = PBXNativeTarget;
			buildConfigurationList = 2DC41D451DD793DD0004697E /* Build configuration list for PBXNativeTarget "FriendsurfingTests" */;
			buildPhases = (
				2DC41D2A1DD793DC0004697E /* Sources */,
				2DC41D2B1DD793DC0004697E /* Frameworks */,
				2DC41D2C1DD793DC0004697E /* Resources */,
			);
			buildRules = (
			);
			dependencies = (
				2DC41D301DD793DC0004697E /* PBXTargetDependency */,
			);
			name = FriendsurfingTests;
			productName = FriendsurfingTests;
			productReference = 2DC41D2E1DD793DC0004697E /* FriendsurfingTests.xctest */;
			productType = "com.apple.product-type.bundle.unit-test";
		};
		2DC41D381DD793DD0004697E /* FriendsurfingUITests */ = {
			isa = PBXNativeTarget;
			buildConfigurationList = 2DC41D481DD793DD0004697E /* Build configuration list for PBXNativeTarget "FriendsurfingUITests" */;
			buildPhases = (
				2DC41D351DD793DD0004697E /* Sources */,
				2DC41D361DD793DD0004697E /* Frameworks */,
				2DC41D371DD793DD0004697E /* Resources */,
			);
			buildRules = (
			);
			dependencies = (
				2DC41D3B1DD793DD0004697E /* PBXTargetDependency */,
			);
			name = FriendsurfingUITests;
			productName = FriendsurfingUITests;
			productReference = 2DC41D391DD793DD0004697E /* FriendsurfingUITests.xctest */;
			productType = "com.apple.product-type.bundle.ui-testing";
		};
/* End PBXNativeTarget section */

/* Begin PBXProject section */
		2DC41D0F1DD793DC0004697E /* Project object */ = {
			isa = PBXProject;
			attributes = {
				LastSwiftUpdateCheck = 0800;
				LastUpgradeCheck = 0800;
				ORGANIZATIONNAME = "Mathias Klenk";
				TargetAttributes = {
					2DC41D161DD793DC0004697E = {
						CreatedOnToolsVersion = 8.0;
						DevelopmentTeam = 59Q8U3U6SS;
						ProvisioningStyle = Automatic;
					};
					2DC41D2D1DD793DC0004697E = {
						CreatedOnToolsVersion = 8.0;
						DevelopmentTeam = 59Q8U3U6SS;
						ProvisioningStyle = Automatic;
						TestTargetID = 2DC41D161DD793DC0004697E;
					};
					2DC41D381DD793DD0004697E = {
						CreatedOnToolsVersion = 8.0;
						DevelopmentTeam = 59Q8U3U6SS;
						ProvisioningStyle = Automatic;
						TestTargetID = 2DC41D161DD793DC0004697E;
					};
				};
			};
			buildConfigurationList = 2DC41D121DD793DC0004697E /* Build configuration list for PBXProject "Friendsurfing" */;
			compatibilityVersion = "Xcode 3.2";
			developmentRegion = English;
			hasScannedForEncodings = 0;
			knownRegions = (
				en,
				Base,
			);
			mainGroup = 2DC41D0E1DD793DC0004697E;
			productRefGroup = 2DC41D181DD793DC0004697E /* Products */;
			projectDirPath = "";
			projectRoot = "";
			targets = (
				2DC41D161DD793DC0004697E /* Friendsurfing */,
				2DC41D2D1DD793DC0004697E /* FriendsurfingTests */,
				2DC41D381DD793DD0004697E /* FriendsurfingUITests */,
			);
		};
/* End PBXProject section */

/* Begin PBXResourcesBuildPhase section */
		2DC41D151DD793DC0004697E /* Resources */ = {
			isa = PBXResourcesBuildPhase;
			buildActionMask = 2147483647;
			files = (
				2DC41D281DD793DC0004697E /* LaunchScreen.storyboard in Resources */,
				2DC41D251DD793DC0004697E /* Assets.xcassets in Resources */,
				2DC41D201DD793DC0004697E /* Main.storyboard in Resources */,
			);
			runOnlyForDeploymentPostprocessing = 0;
		};
		2DC41D2C1DD793DC0004697E /* Resources */ = {
			isa = PBXResourcesBuildPhase;
			buildActionMask = 2147483647;
			files = (
			);
			runOnlyForDeploymentPostprocessing = 0;
		};
		2DC41D371DD793DD0004697E /* Resources */ = {
			isa = PBXResourcesBuildPhase;
			buildActionMask = 2147483647;
			files = (
			);
			runOnlyForDeploymentPostprocessing = 0;
		};
/* End PBXResourcesBuildPhase section */

/* Begin PBXSourcesBuildPhase section */
		2DC41D131DD793DC0004697E /* Sources */ = {
			isa = PBXSourcesBuildPhase;
			buildActionMask = 2147483647;
			files = (
				2DC41D231DD793DC0004697E /* Friendsurfing.xcdatamodeld in Sources */,
				2DC41D1D1DD793DC0004697E /* ViewController.swift in Sources */,
				2DC41D1B1DD793DC0004697E /* AppDelegate.swift in Sources */,
			);
			runOnlyForDeploymentPostprocessing = 0;
		};
		2DC41D2A1DD793DC0004697E /* Sources */ = {
			isa = PBXSourcesBuildPhase;
			buildActionMask = 2147483647;
			files = (
				2DC41D331DD793DC0004697E /* FriendsurfingTests.swift in Sources */,
			);
			runOnlyForDeploymentPostprocessing = 0;
		};
		2DC41D351DD793DD0004697E /* Sources */ = {
			isa = PBXSourcesBuildPhase;
			buildActionMask = 2147483647;
			files = (
				2DC41D3E1DD793DD0004697E /* FriendsurfingUITests.swift in Sources */,
			);
			runOnlyForDeploymentPostprocessing = 0;
		};
/* End PBXSourcesBuildPhase section */

/* Begin PBXTargetDependency section */
		2DC41D301DD793DC0004697E /* PBXTargetDependency */ = {
			isa = PBXTargetDependency;
			target = 2DC41D161DD793DC0004697E /* Friendsurfing */;
			targetProxy = 2DC41D2F1DD793DC0004697E /* PBXContainerItemProxy */;
		};
		2DC41D3B1DD793DD0004697E /* PBXTargetDependency */ = {
			isa = PBXTargetDependency;
			target = 2DC41D161DD793DC0004697E /* Friendsurfing */;
			targetProxy = 2DC41D3A1DD793DD0004697E /* PBXContainerItemProxy */;
		};
/* End PBXTargetDependency section */

/* Begin PBXVariantGroup section */
		2DC41D1E1DD793DC0004697E /* Main.storyboard */ = {
			isa = PBXVariantGroup;
			children = (
				2DC41D1F1DD793DC0004697E /* Base */,
			);
			name = Main.storyboard;
			sourceTree = "<group>";
		};
		2DC41D261DD793DC0004697E /* LaunchScreen.storyboard */ = {
			isa = PBXVariantGroup;
			children = (
				2DC41D271DD793DC0004697E /* Base */,
			);
			name = LaunchScreen.storyboard;
			sourceTree = "<group>";
		};
/* End PBXVariantGroup section */

/* Begin XCBuildConfiguration section */
		2DC41D401DD793DD0004697E /* Debug */ = {
			isa = XCBuildConfiguration;
			buildSettings = {
				ALWAYS_SEARCH_USER_PATHS = NO;
				CLANG_ANALYZER_NONNULL = YES;
				CLANG_CXX_LANGUAGE_STANDARD = "gnu++0x";
				CLANG_CXX_LIBRARY = "libc++";
				CLANG_ENABLE_MODULES = YES;
				CLANG_ENABLE_OBJC_ARC = YES;
				CLANG_WARN_BOOL_CONVERSION = YES;
				CLANG_WARN_CONSTANT_CONVERSION = YES;
				CLANG_WARN_DIRECT_OBJC_ISA_USAGE = YES_ERROR;
				CLANG_WARN_DOCUMENTATION_COMMENTS = YES;
				CLANG_WARN_EMPTY_BODY = YES;
				CLANG_WARN_ENUM_CONVERSION = YES;
				CLANG_WARN_INFINITE_RECURSION = YES;
				CLANG_WARN_INT_CONVERSION = YES;
				CLANG_WARN_OBJC_ROOT_CLASS = YES_ERROR;
				CLANG_WARN_SUSPICIOUS_MOVES = YES;
				CLANG_WARN_UNREACHABLE_CODE = YES;
				CLANG_WARN__DUPLICATE_METHOD_MATCH = YES;
				"CODE_SIGN_IDENTITY[sdk=iphoneos*]" = "iPhone Developer";
				COPY_PHASE_STRIP = NO;
				DEBUG_INFORMATION_FORMAT = dwarf;
				ENABLE_STRICT_OBJC_MSGSEND = YES;
				ENABLE_TESTABILITY = YES;
				GCC_C_LANGUAGE_STANDARD = gnu99;
				GCC_DYNAMIC_NO_PIC = NO;
				GCC_NO_COMMON_BLOCKS = YES;
				GCC_OPTIMIZATION_LEVEL = 0;
				GCC_PREPROCESSOR_DEFINITIONS = (
					"DEBUG=1",
					"$(inherited)",
				);
				GCC_WARN_64_TO_32_BIT_CONVERSION = YES;
				GCC_WARN_ABOUT_RETURN_TYPE = YES_ERROR;
				GCC_WARN_UNDECLARED_SELECTOR = YES;
				GCC_WARN_UNINITIALIZED_AUTOS = YES_AGGRESSIVE;
				GCC_WARN_UNUSED_FUNCTION = YES;
				GCC_WARN_UNUSED_VARIABLE = YES;
				IPHONEOS_DEPLOYMENT_TARGET = 10.0;
				MTL_ENABLE_DEBUG_INFO = YES;
				ONLY_ACTIVE_ARCH = YES;
				SDKROOT = iphoneos;
				SWIFT_ACTIVE_COMPILATION_CONDITIONS = DEBUG;
				SWIFT_OPTIMIZATION_LEVEL = "-Onone";
				TARGETED_DEVICE_FAMILY = "1,2";
			};
			name = Debug;
		};
		2DC41D411DD793DD0004697E /* Release */ = {
			isa = XCBuildConfiguration;
			buildSettings = {
				ALWAYS_SEARCH_USER_PATHS = NO;
				CLANG_ANALYZER_NONNULL = YES;
				CLANG_CXX_LANGUAGE_STANDARD = "gnu++0x";
				CLANG_CXX_LIBRARY = "libc++";
				CLANG_ENABLE_MODULES = YES;
				CLANG_ENABLE_OBJC_ARC = YES;
				CLANG_WARN_BOOL_CONVERSION = YES;
				CLANG_WARN_CONSTANT_CONVERSION = YES;
				CLANG_WARN_DIRECT_OBJC_ISA_USAGE = YES_ERROR;
				CLANG_WARN_DOCUMENTATION_COMMENTS = YES;
				CLANG_WARN_EMPTY_BODY = YES;
				CLANG_WARN_ENUM_CONVERSION = YES;
				CLANG_WARN_INFINITE_RECURSION = YES;
				CLANG_WARN_INT_CONVERSION = YES;
				CLANG_WARN_OBJC_ROOT_CLASS = YES_ERROR;
				CLANG_WARN_SUSPICIOUS_MOVES = YES;
				CLANG_WARN_UNREACHABLE_CODE = YES;
				CLANG_WARN__DUPLICATE_METHOD_MATCH = YES;
				"CODE_SIGN_IDENTITY[sdk=iphoneos*]" = "iPhone Developer";
				COPY_PHASE_STRIP = NO;
				DEBUG_INFORMATION_FORMAT = "dwarf-with-dsym";
				ENABLE_NS_ASSERTIONS = NO;
				ENABLE_STRICT_OBJC_MSGSEND = YES;
				GCC_C_LANGUAGE_STANDARD = gnu99;
				GCC_NO_COMMON_BLOCKS = YES;
				GCC_WARN_64_TO_32_BIT_CONVERSION = YES;
				GCC_WARN_ABOUT_RETURN_TYPE = YES_ERROR;
				GCC_WARN_UNDECLARED_SELECTOR = YES;
				GCC_WARN_UNINITIALIZED_AUTOS = YES_AGGRESSIVE;
				GCC_WARN_UNUSED_FUNCTION = YES;
				GCC_WARN_UNUSED_VARIABLE = YES;
				IPHONEOS_DEPLOYMENT_TARGET = 10.0;
				MTL_ENABLE_DEBUG_INFO = NO;
				SDKROOT = iphoneos;
				SWIFT_OPTIMIZATION_LEVEL = "-Owholemodule";
				TARGETED_DEVICE_FAMILY = "1,2";
				VALIDATE_PRODUCT = YES;
			};
			name = Release;
		};
		2DC41D431DD793DD0004697E /* Debug */ = {
			isa = XCBuildConfiguration;
			buildSettings = {
				ASSETCATALOG_COMPILER_APPICON_NAME = AppIcon;
				DEVELOPMENT_TEAM = 59Q8U3U6SS;
				INFOPLIST_FILE = Friendsurfing/Info.plist;
				LD_RUNPATH_SEARCH_PATHS = "$(inherited) @executable_path/Frameworks";
				PRODUCT_BUNDLE_IDENTIFIER = MK.Friendsurfing;
				PRODUCT_NAME = "$(TARGET_NAME)";
				SWIFT_VERSION = 3.0;
			};
			name = Debug;
		};
		2DC41D441DD793DD0004697E /* Release */ = {
			isa = XCBuildConfiguration;
			buildSettings = {
				ASSETCATALOG_COMPILER_APPICON_NAME = AppIcon;
				DEVELOPMENT_TEAM = 59Q8U3U6SS;
				INFOPLIST_FILE = Friendsurfing/Info.plist;
				LD_RUNPATH_SEARCH_PATHS = "$(inherited) @executable_path/Frameworks";
				PRODUCT_BUNDLE_IDENTIFIER = MK.Friendsurfing;
				PRODUCT_NAME = "$(TARGET_NAME)";
				SWIFT_VERSION = 3.0;
			};
			name = Release;
		};
		2DC41D461DD793DD0004697E /* Debug */ = {
			isa = XCBuildConfiguration;
			buildSettings = {
				ALWAYS_EMBED_SWIFT_STANDARD_LIBRARIES = YES;
				BUNDLE_LOADER = "$(TEST_HOST)";
				DEVELOPMENT_TEAM = 59Q8U3U6SS;
				INFOPLIST_FILE = FriendsurfingTests/Info.plist;
				LD_RUNPATH_SEARCH_PATHS = "$(inherited) @executable_path/Frameworks @loader_path/Frameworks";
				PRODUCT_BUNDLE_IDENTIFIER = MK.FriendsurfingTests;
				PRODUCT_NAME = "$(TARGET_NAME)";
				SWIFT_VERSION = 3.0;
				TEST_HOST = "$(BUILT_PRODUCTS_DIR)/Friendsurfing.app/Friendsurfing";
			};
			name = Debug;
		};
		2DC41D471DD793DD0004697E /* Release */ = {
			isa = XCBuildConfiguration;
			buildSettings = {
				ALWAYS_EMBED_SWIFT_STANDARD_LIBRARIES = YES;
				BUNDLE_LOADER = "$(TEST_HOST)";
				DEVELOPMENT_TEAM = 59Q8U3U6SS;
				INFOPLIST_FILE = FriendsurfingTests/Info.plist;
				LD_RUNPATH_SEARCH_PATHS = "$(inherited) @executable_path/Frameworks @loader_path/Frameworks";
				PRODUCT_BUNDLE_IDENTIFIER = MK.FriendsurfingTests;
				PRODUCT_NAME = "$(TARGET_NAME)";
				SWIFT_VERSION = 3.0;
				TEST_HOST = "$(BUILT_PRODUCTS_DIR)/Friendsurfing.app/Friendsurfing";
			};
			name = Release;
		};
		2DC41D491DD793DD0004697E /* Debug */ = {
			isa = XCBuildConfiguration;
			buildSettings = {
				ALWAYS_EMBED_SWIFT_STANDARD_LIBRARIES = YES;
				DEVELOPMENT_TEAM = 59Q8U3U6SS;
				INFOPLIST_FILE = FriendsurfingUITests/Info.plist;
				LD_RUNPATH_SEARCH_PATHS = "$(inherited) @executable_path/Frameworks @loader_path/Frameworks";
				PRODUCT_BUNDLE_IDENTIFIER = MK.FriendsurfingUITests;
				PRODUCT_NAME = "$(TARGET_NAME)";
				SWIFT_VERSION = 3.0;
				TEST_TARGET_NAME = Friendsurfing;
			};
			name = Debug;
		};
		2DC41D4A1DD793DD0004697E /* Release */ = {
			isa = XCBuildConfiguration;
			buildSettings = {
				ALWAYS_EMBED_SWIFT_STANDARD_LIBRARIES = YES;
				DEVELOPMENT_TEAM = 59Q8U3U6SS;
				INFOPLIST_FILE = FriendsurfingUITests/Info.plist;
				LD_RUNPATH_SEARCH_PATHS = "$(inherited) @executable_path/Frameworks @loader_path/Frameworks";
				PRODUCT_BUNDLE_IDENTIFIER = MK.FriendsurfingUITests;
				PRODUCT_NAME = "$(TARGET_NAME)";
				SWIFT_VERSION = 3.0;
				TEST_TARGET_NAME = Friendsurfing;
			};
			name = Release;
		};
/* End XCBuildConfiguration section */

/* Begin XCConfigurationList section */
		2DC41D121DD793DC0004697E /* Build configuration list for PBXProject "Friendsurfing" */ = {
			isa = XCConfigurationList;
			buildConfigurations = (
				2DC41D401DD793DD0004697E /* Debug */,
				2DC41D411DD793DD0004697E /* Release */,
			);
			defaultConfigurationIsVisible = 0;
			defaultConfigurationName = Release;
		};
		2DC41D421DD793DD0004697E /* Build configuration list for PBXNativeTarget "Friendsurfing" */ = {
			isa = XCConfigurationList;
			buildConfigurations = (
				2DC41D431DD793DD0004697E /* Debug */,
				2DC41D441DD793DD0004697E /* Release */,
			);
			defaultConfigurationIsVisible = 0;
		};
		2DC41D451DD793DD0004697E /* Build configuration list for PBXNativeTarget "FriendsurfingTests" */ = {
			isa = XCConfigurationList;
			buildConfigurations = (
				2DC41D461DD793DD0004697E /* Debug */,
				2DC41D471DD793DD0004697E /* Release */,
			);
			defaultConfigurationIsVisible = 0;
		};
		2DC41D481DD793DD0004697E /* Build configuration list for PBXNativeTarget "FriendsurfingUITests" */ = {
			isa = XCConfigurationList;
			buildConfigurations = (
				2DC41D491DD793DD0004697E /* Debug */,
				2DC41D4A1DD793DD0004697E /* Release */,
			);
			defaultConfigurationIsVisible = 0;
		};
/* End XCConfigurationList section */

/* Begin XCVersionGroup section */
		2DC41D211DD793DC0004697E /* Friendsurfing.xcdatamodeld */ = {
			isa = XCVersionGroup;
			children = (
				2DC41D221DD793DC0004697E /* Friendsurfing.xcdatamodel */,
			);
			currentVersion = 2DC41D221DD793DC0004697E /* Friendsurfing.xcdatamodel */;
			path = Friendsurfing.xcdatamodeld;
			sourceTree = "<group>";
			versionGroupType = wrapper.xcdatamodel;
		};
/* End XCVersionGroup section */
	};
	rootObject = 2DC41D0F1DD793DC0004697E /* Project object */;
}
